// !$*UTF8*$!
{
	archiveVersion = 1;
	classes = {
	};
	objectVersion = 56;
	objects = {

/* Begin PBXBuildFile section */
		D66EE7282B969D50003E38A3 /* SafeDriveApp.swift in Sources */ = {isa = PBXBuildFile; fileRef = D66EE7272B969D50003E38A3 /* SafeDriveApp.swift */; };
		D66EE72A2B969D50003E38A3 /* ContentView.swift in Sources */ = {isa = PBXBuildFile; fileRef = D66EE7292B969D50003E38A3 /* ContentView.swift */; };
		D66EE72C2B969D52003E38A3 /* Assets.xcassets in Resources */ = {isa = PBXBuildFile; fileRef = D66EE72B2B969D52003E38A3 /* Assets.xcassets */; };
		D66EE72F2B969D52003E38A3 /* Preview Assets.xcassets in Resources */ = {isa = PBXBuildFile; fileRef = D66EE72E2B969D52003E38A3 /* Preview Assets.xcassets */; };
		D66EE7392B971BC7003E38A3 /* yolov5s.mlmodel in Sources */ = {isa = PBXBuildFile; fileRef = D66EE7382B971BC7003E38A3 /* yolov5s.mlmodel */; };
		D66EE73B2B979286003E38A3 /* Alerts.swift in Sources */ = {isa = PBXBuildFile; fileRef = D66EE73A2B979286003E38A3 /* Alerts.swift */; };
		D66EE7402B979C85003E38A3 /* Detector.swift in Sources */ = {isa = PBXBuildFile; fileRef = D66EE73F2B979C85003E38A3 /* Detector.swift */; };
		D684DC632BA9D00B00018186 /* DepthEstimationHandler.swift in Sources */ = {isa = PBXBuildFile; fileRef = D684DC622BA9D00B00018186 /* DepthEstimationHandler.swift */; };
		D694ECD92B98E51E00211F2B /* cityDrive.mp4 in Resources */ = {isa = PBXBuildFile; fileRef = D66EE73D2B9794AC003E38A3 /* cityDrive.mp4 */; };
		D694ECDB2B98E5D000211F2B /* yolov5s.mlmodelc in Resources */ = {isa = PBXBuildFile; fileRef = D694ECDA2B98E5D000211F2B /* yolov5s.mlmodelc */; };
		D694ECDD2B98E79100211F2B /* roadPortrait.mp4 in Resources */ = {isa = PBXBuildFile; fileRef = D694ECDC2B98E79100211F2B /* roadPortrait.mp4 */; };
		D694ECDF2B98EABE00211F2B /* cityPort.mp4 in Resources */ = {isa = PBXBuildFile; fileRef = D694ECDE2B98EABE00211F2B /* cityPort.mp4 */; };
		D694ECE22B99018100211F2B /* crossStreetPort.mp4 in Resources */ = {isa = PBXBuildFile; fileRef = D694ECE12B99018100211F2B /* crossStreetPort.mp4 */; };
		D694ECE42B99019F00211F2B /* trafficLightPort.mp4 in Resources */ = {isa = PBXBuildFile; fileRef = D694ECE32B99019F00211F2B /* trafficLightPort.mp4 */; };
		D694ECE62B9902AE00211F2B /* standRoad.mp4 in Resources */ = {isa = PBXBuildFile; fileRef = D694ECE52B9902AE00211F2B /* standRoad.mp4 */; };
		D694ECE82B99109C00211F2B /* softAlert.mp3 in Resources */ = {isa = PBXBuildFile; fileRef = D694ECE72B99109C00211F2B /* softAlert.mp3 */; };
		D694ECEA2B99D8DA00211F2B /* DepthEstimationModel.swift in Sources */ = {isa = PBXBuildFile; fileRef = D694ECE92B99D8DA00211F2B /* DepthEstimationModel.swift */; };
		D694ECEE2B99EA1600211F2B /* ObjectDetectionVideoPlayer.swift in Sources */ = {isa = PBXBuildFile; fileRef = D694ECED2B99EA1600211F2B /* ObjectDetectionVideoPlayer.swift */; };
		D694ECF02B99EA5200211F2B /* ObjectDetectionVC.swift in Sources */ = {isa = PBXBuildFile; fileRef = D694ECEF2B99EA5200211F2B /* ObjectDetectionVC.swift */; };
		D694ECF22B99ED2900211F2B /* AlertsView.swift in Sources */ = {isa = PBXBuildFile; fileRef = D694ECF12B99ED2900211F2B /* AlertsView.swift */; };
		D694ECF52BA0C91800211F2B /* ReasoningModel.swift in Sources */ = {isa = PBXBuildFile; fileRef = D694ECF42BA0C91800211F2B /* ReasoningModel.swift */; };
		D694ECF72BA0CAE500211F2B /* ObjectTrackingModel.swift in Sources */ = {isa = PBXBuildFile; fileRef = D694ECF62BA0CAE400211F2B /* ObjectTrackingModel.swift */; };
		D694ECF92BA0CE5B00211F2B /* ObjectTracker.swift in Sources */ = {isa = PBXBuildFile; fileRef = D694ECF82BA0CE5B00211F2B /* ObjectTracker.swift */; };
		D694ECFC2BA1012D00211F2B /* DetectionHandler.swift in Sources */ = {isa = PBXBuildFile; fileRef = D694ECFB2BA1012D00211F2B /* DetectionHandler.swift */; };
		D694ECFE2BA1D7C800211F2B /* CommonTypes.swift in Sources */ = {isa = PBXBuildFile; fileRef = D694ECFD2BA1D7C800211F2B /* CommonTypes.swift */; };
		D694ED002BA1DA0500211F2B /* VideoContainerView.swift in Sources */ = {isa = PBXBuildFile; fileRef = D694ECFF2BA1DA0500211F2B /* VideoContainerView.swift */; };
		D694ED032BA2891600211F2B /* AppDelegate.swift in Sources */ = {isa = PBXBuildFile; fileRef = D694ED022BA2891600211F2B /* AppDelegate.swift */; };
		D6F4351C2BC5914F0038938F /* ObjectDetectionView.swift in Sources */ = {isa = PBXBuildFile; fileRef = D6F4351B2BC5914F0038938F /* ObjectDetectionView.swift */; };
		D6F4351E2BC5918A0038938F /* DepthEstimationView.swift in Sources */ = {isa = PBXBuildFile; fileRef = D6F4351D2BC5918A0038938F /* DepthEstimationView.swift */; };
		D6F435202BC59EA40038938F /* FCRNFP16.mlmodel in Sources */ = {isa = PBXBuildFile; fileRef = D6F4351F2BC59EA40038938F /* FCRNFP16.mlmodel */; };
		D6F435222BC5C93B0038938F /* DepthEstimationVC.swift in Sources */ = {isa = PBXBuildFile; fileRef = D6F435212BC5C93B0038938F /* DepthEstimationVC.swift */; };
		D6F435242BC5D22D0038938F /* VideoPlayerService.swift in Sources */ = {isa = PBXBuildFile; fileRef = D6F435232BC5D22D0038938F /* VideoPlayerService.swift */; };
		D6F435262BC698C00038938F /* DepthEstimationVideoPlayer.swift in Sources */ = {isa = PBXBuildFile; fileRef = D6F435252BC698C00038938F /* DepthEstimationVideoPlayer.swift */; };
/* End PBXBuildFile section */

/* Begin PBXFileReference section */
		D66EE7242B969D50003E38A3 /* SafeDrive.app */ = {isa = PBXFileReference; explicitFileType = wrapper.application; includeInIndex = 0; path = SafeDrive.app; sourceTree = BUILT_PRODUCTS_DIR; };
		D66EE7272B969D50003E38A3 /* SafeDriveApp.swift */ = {isa = PBXFileReference; lastKnownFileType = sourcecode.swift; path = SafeDriveApp.swift; sourceTree = "<group>"; };
		D66EE7292B969D50003E38A3 /* ContentView.swift */ = {isa = PBXFileReference; lastKnownFileType = sourcecode.swift; path = ContentView.swift; sourceTree = "<group>"; };
		D66EE72B2B969D52003E38A3 /* Assets.xcassets */ = {isa = PBXFileReference; lastKnownFileType = folder.assetcatalog; path = Assets.xcassets; sourceTree = "<group>"; };
		D66EE72E2B969D52003E38A3 /* Preview Assets.xcassets */ = {isa = PBXFileReference; lastKnownFileType = folder.assetcatalog; path = "Preview Assets.xcassets"; sourceTree = "<group>"; };
		D66EE7382B971BC7003E38A3 /* yolov5s.mlmodel */ = {isa = PBXFileReference; lastKnownFileType = file.mlmodel; path = yolov5s.mlmodel; sourceTree = "<group>"; };
		D66EE73A2B979286003E38A3 /* Alerts.swift */ = {isa = PBXFileReference; lastKnownFileType = sourcecode.swift; path = Alerts.swift; sourceTree = "<group>"; };
		D66EE73D2B9794AC003E38A3 /* cityDrive.mp4 */ = {isa = PBXFileReference; lastKnownFileType = file; path = cityDrive.mp4; sourceTree = "<group>"; };
		D66EE73F2B979C85003E38A3 /* Detector.swift */ = {isa = PBXFileReference; lastKnownFileType = sourcecode.swift; path = Detector.swift; sourceTree = "<group>"; };
		D684DC622BA9D00B00018186 /* DepthEstimationHandler.swift */ = {isa = PBXFileReference; lastKnownFileType = sourcecode.swift; path = DepthEstimationHandler.swift; sourceTree = "<group>"; };
		D694ECDA2B98E5D000211F2B /* yolov5s.mlmodelc */ = {isa = PBXFileReference; lastKnownFileType = wrapper; path = yolov5s.mlmodelc; sourceTree = "<group>"; };
		D694ECDC2B98E79100211F2B /* roadPortrait.mp4 */ = {isa = PBXFileReference; lastKnownFileType = file; path = roadPortrait.mp4; sourceTree = "<group>"; };
		D694ECDE2B98EABE00211F2B /* cityPort.mp4 */ = {isa = PBXFileReference; lastKnownFileType = file; path = cityPort.mp4; sourceTree = "<group>"; };
		D694ECE12B99018100211F2B /* crossStreetPort.mp4 */ = {isa = PBXFileReference; lastKnownFileType = file; path = crossStreetPort.mp4; sourceTree = "<group>"; };
		D694ECE32B99019F00211F2B /* trafficLightPort.mp4 */ = {isa = PBXFileReference; lastKnownFileType = file; path = trafficLightPort.mp4; sourceTree = "<group>"; };
		D694ECE52B9902AE00211F2B /* standRoad.mp4 */ = {isa = PBXFileReference; lastKnownFileType = file; path = standRoad.mp4; sourceTree = "<group>"; };
		D694ECE72B99109C00211F2B /* softAlert.mp3 */ = {isa = PBXFileReference; lastKnownFileType = audio.mp3; path = softAlert.mp3; sourceTree = "<group>"; };
		D694ECE92B99D8DA00211F2B /* DepthEstimationModel.swift */ = {isa = PBXFileReference; lastKnownFileType = sourcecode.swift; path = DepthEstimationModel.swift; sourceTree = "<group>"; };
		D694ECED2B99EA1600211F2B /* ObjectDetectionVideoPlayer.swift */ = {isa = PBXFileReference; lastKnownFileType = sourcecode.swift; path = ObjectDetectionVideoPlayer.swift; sourceTree = "<group>"; };
		D694ECEF2B99EA5200211F2B /* ObjectDetectionVC.swift */ = {isa = PBXFileReference; lastKnownFileType = sourcecode.swift; path = ObjectDetectionVC.swift; sourceTree = "<group>"; };
		D694ECF12B99ED2900211F2B /* AlertsView.swift */ = {isa = PBXFileReference; lastKnownFileType = sourcecode.swift; path = AlertsView.swift; sourceTree = "<group>"; };
		D694ECF42BA0C91800211F2B /* ReasoningModel.swift */ = {isa = PBXFileReference; lastKnownFileType = sourcecode.swift; path = ReasoningModel.swift; sourceTree = "<group>"; };
		D694ECF62BA0CAE400211F2B /* ObjectTrackingModel.swift */ = {isa = PBXFileReference; lastKnownFileType = sourcecode.swift; path = ObjectTrackingModel.swift; sourceTree = "<group>"; };
		D694ECF82BA0CE5B00211F2B /* ObjectTracker.swift */ = {isa = PBXFileReference; lastKnownFileType = sourcecode.swift; path = ObjectTracker.swift; sourceTree = "<group>"; };
		D694ECFB2BA1012D00211F2B /* DetectionHandler.swift */ = {isa = PBXFileReference; lastKnownFileType = sourcecode.swift; path = DetectionHandler.swift; sourceTree = "<group>"; };
		D694ECFD2BA1D7C800211F2B /* CommonTypes.swift */ = {isa = PBXFileReference; fileEncoding = 4; lastKnownFileType = sourcecode.swift; path = CommonTypes.swift; sourceTree = "<group>"; };
		D694ECFF2BA1DA0500211F2B /* VideoContainerView.swift */ = {isa = PBXFileReference; lastKnownFileType = sourcecode.swift; path = VideoContainerView.swift; sourceTree = "<group>"; };
		D694ED012BA288D700211F2B /* SafeDrive.entitlements */ = {isa = PBXFileReference; lastKnownFileType = text.plist.entitlements; path = SafeDrive.entitlements; sourceTree = "<group>"; };
		D694ED022BA2891600211F2B /* AppDelegate.swift */ = {isa = PBXFileReference; lastKnownFileType = sourcecode.swift; path = AppDelegate.swift; sourceTree = "<group>"; };
		D694ED042BA28A3200211F2B /* Info.plist */ = {isa = PBXFileReference; lastKnownFileType = text.plist; path = Info.plist; sourceTree = "<group>"; };
		D6F4351B2BC5914F0038938F /* ObjectDetectionView.swift */ = {isa = PBXFileReference; lastKnownFileType = sourcecode.swift; path = ObjectDetectionView.swift; sourceTree = "<group>"; };
		D6F4351D2BC5918A0038938F /* DepthEstimationView.swift */ = {isa = PBXFileReference; lastKnownFileType = sourcecode.swift; path = DepthEstimationView.swift; sourceTree = "<group>"; };
		D6F4351F2BC59EA40038938F /* FCRNFP16.mlmodel */ = {isa = PBXFileReference; lastKnownFileType = file.mlmodel; path = FCRNFP16.mlmodel; sourceTree = "<group>"; };
		D6F435212BC5C93B0038938F /* DepthEstimationVC.swift */ = {isa = PBXFileReference; lastKnownFileType = sourcecode.swift; path = DepthEstimationVC.swift; sourceTree = "<group>"; };
		D6F435232BC5D22D0038938F /* VideoPlayerService.swift */ = {isa = PBXFileReference; lastKnownFileType = sourcecode.swift; path = VideoPlayerService.swift; sourceTree = "<group>"; };
		D6F435252BC698C00038938F /* DepthEstimationVideoPlayer.swift */ = {isa = PBXFileReference; lastKnownFileType = sourcecode.swift; path = DepthEstimationVideoPlayer.swift; sourceTree = "<group>"; };
/* End PBXFileReference section */

/* Begin PBXFrameworksBuildPhase section */
		D66EE7212B969D50003E38A3 /* Frameworks */ = {
			isa = PBXFrameworksBuildPhase;
			buildActionMask = 2147483647;
			files = (
			);
			runOnlyForDeploymentPostprocessing = 0;
		};
/* End PBXFrameworksBuildPhase section */

/* Begin PBXGroup section */
		D66EE71B2B969D50003E38A3 = {
			isa = PBXGroup;
			children = (
				D66EE7262B969D50003E38A3 /* SafeDrive */,
				D66EE7252B969D50003E38A3 /* Products */,
			);
			sourceTree = "<group>";
		};
		D66EE7252B969D50003E38A3 /* Products */ = {
			isa = PBXGroup;
			children = (
				D66EE7242B969D50003E38A3 /* SafeDrive.app */,
			);
			name = Products;
			sourceTree = "<group>";
		};
		D66EE7262B969D50003E38A3 /* SafeDrive */ = {
			isa = PBXGroup;
			children = (
				D6F4351F2BC59EA40038938F /* FCRNFP16.mlmodel */,
				D694ED012BA288D700211F2B /* SafeDrive.entitlements */,
				D694ED042BA28A3200211F2B /* Info.plist */,
				D66EE7272B969D50003E38A3 /* SafeDriveApp.swift */,
				D694ED022BA2891600211F2B /* AppDelegate.swift */,
				D6F4351A2BC590080038938F /* Utils */,
				D6F435192BC58FE40038938F /* MainViews */,
				D6F435182BC58FDA0038938F /* Detection */,
				D694ECFA2BA0FFB500211F2B /* DepthEstimation */,
				D694ECF32BA0C65300211F2B /* Reasoning */,
				D694ECEB2B99E9F300211F2B /* ViewController */,
				D694ECE72B99109C00211F2B /* softAlert.mp3 */,
				D694ECE02B98EF3F00211F2B /* SampleVideos */,
				D694ECDA2B98E5D000211F2B /* yolov5s.mlmodelc */,
				D66EE7382B971BC7003E38A3 /* yolov5s.mlmodel */,
				D66EE72B2B969D52003E38A3 /* Assets.xcassets */,
				D66EE72D2B969D52003E38A3 /* Preview Content */,
				D694ECF62BA0CAE400211F2B /* ObjectTrackingModel.swift */,
				D694ECFD2BA1D7C800211F2B /* CommonTypes.swift */,
			);
			path = SafeDrive;
			sourceTree = "<group>";
		};
		D66EE72D2B969D52003E38A3 /* Preview Content */ = {
			isa = PBXGroup;
			children = (
				D66EE72E2B969D52003E38A3 /* Preview Assets.xcassets */,
			);
			path = "Preview Content";
			sourceTree = "<group>";
		};
		D694ECE02B98EF3F00211F2B /* SampleVideos */ = {
			isa = PBXGroup;
			children = (
				D694ECE52B9902AE00211F2B /* standRoad.mp4 */,
				D694ECE32B99019F00211F2B /* trafficLightPort.mp4 */,
				D694ECE12B99018100211F2B /* crossStreetPort.mp4 */,
				D694ECDE2B98EABE00211F2B /* cityPort.mp4 */,
				D66EE73D2B9794AC003E38A3 /* cityDrive.mp4 */,
				D694ECDC2B98E79100211F2B /* roadPortrait.mp4 */,
			);
			path = SampleVideos;
			sourceTree = "<group>";
		};
		D694ECEB2B99E9F300211F2B /* ViewController */ = {
			isa = PBXGroup;
			children = (
				D66EE73F2B979C85003E38A3 /* Detector.swift */,
				D694ECF12B99ED2900211F2B /* AlertsView.swift */,
				D694ECF82BA0CE5B00211F2B /* ObjectTracker.swift */,
				D694ECFF2BA1DA0500211F2B /* VideoContainerView.swift */,
			);
			path = ViewController;
			sourceTree = "<group>";
		};
		D694ECF32BA0C65300211F2B /* Reasoning */ = {
			isa = PBXGroup;
			children = (
				D694ECF42BA0C91800211F2B /* ReasoningModel.swift */,
			);
			path = Reasoning;
			sourceTree = "<group>";
		};
		D694ECFA2BA0FFB500211F2B /* DepthEstimation */ = {
			isa = PBXGroup;
			children = (
				D684DC622BA9D00B00018186 /* DepthEstimationHandler.swift */,
				D694ECE92B99D8DA00211F2B /* DepthEstimationModel.swift */,
				D6F435212BC5C93B0038938F /* DepthEstimationVC.swift */,
				D6F435252BC698C00038938F /* DepthEstimationVideoPlayer.swift */,
			);
			path = DepthEstimation;
			sourceTree = "<group>";
		};
		D6F435182BC58FDA0038938F /* Detection */ = {
			isa = PBXGroup;
			children = (
				D694ECFB2BA1012D00211F2B /* DetectionHandler.swift */,
				D694ECEF2B99EA5200211F2B /* ObjectDetectionVC.swift */,
				D694ECED2B99EA1600211F2B /* ObjectDetectionVideoPlayer.swift */,
			);
			path = Detection;
			sourceTree = "<group>";
		};
		D6F435192BC58FE40038938F /* MainViews */ = {
			isa = PBXGroup;
			children = (
				D66EE7292B969D50003E38A3 /* ContentView.swift */,
				D6F4351B2BC5914F0038938F /* ObjectDetectionView.swift */,
				D6F4351D2BC5918A0038938F /* DepthEstimationView.swift */,
			);
			path = MainViews;
			sourceTree = "<group>";
		};
		D6F4351A2BC590080038938F /* Utils */ = {
			isa = PBXGroup;
			children = (
				D66EE73A2B979286003E38A3 /* Alerts.swift */,
				D6F435232BC5D22D0038938F /* VideoPlayerService.swift */,
			);
			path = Utils;
			sourceTree = "<group>";
		};
/* End PBXGroup section */

/* Begin PBXNativeTarget section */
		D66EE7232B969D50003E38A3 /* SafeDrive */ = {
			isa = PBXNativeTarget;
			buildConfigurationList = D66EE7322B969D52003E38A3 /* Build configuration list for PBXNativeTarget "SafeDrive" */;
			buildPhases = (
				D66EE7202B969D50003E38A3 /* Sources */,
				D66EE7212B969D50003E38A3 /* Frameworks */,
				D66EE7222B969D50003E38A3 /* Resources */,
			);
			buildRules = (
			);
			dependencies = (
			);
			name = SafeDrive;
			productName = SafeDrive;
			productReference = D66EE7242B969D50003E38A3 /* SafeDrive.app */;
			productType = "com.apple.product-type.application";
		};
/* End PBXNativeTarget section */

/* Begin PBXProject section */
		D66EE71C2B969D50003E38A3 /* Project object */ = {
			isa = PBXProject;
			attributes = {
				BuildIndependentTargetsInParallel = 1;
				LastSwiftUpdateCheck = 1520;
				LastUpgradeCheck = 1520;
				TargetAttributes = {
					D66EE7232B969D50003E38A3 = {
						CreatedOnToolsVersion = 15.2;
					};
				};
			};
			buildConfigurationList = D66EE71F2B969D50003E38A3 /* Build configuration list for PBXProject "SafeDrive" */;
			compatibilityVersion = "Xcode 14.0";
			developmentRegion = en;
			hasScannedForEncodings = 0;
			knownRegions = (
				en,
				Base,
			);
			mainGroup = D66EE71B2B969D50003E38A3;
			productRefGroup = D66EE7252B969D50003E38A3 /* Products */;
			projectDirPath = "";
			projectRoot = "";
			targets = (
				D66EE7232B969D50003E38A3 /* SafeDrive */,
			);
		};
/* End PBXProject section */

/* Begin PBXResourcesBuildPhase section */
		D66EE7222B969D50003E38A3 /* Resources */ = {
			isa = PBXResourcesBuildPhase;
			buildActionMask = 2147483647;
			files = (
				D694ECDD2B98E79100211F2B /* roadPortrait.mp4 in Resources */,
				D694ECE22B99018100211F2B /* crossStreetPort.mp4 in Resources */,
				D694ECDB2B98E5D000211F2B /* yolov5s.mlmodelc in Resources */,
				D694ECE62B9902AE00211F2B /* standRoad.mp4 in Resources */,
				D694ECD92B98E51E00211F2B /* cityDrive.mp4 in Resources */,
				D66EE72F2B969D52003E38A3 /* Preview Assets.xcassets in Resources */,
				D66EE72C2B969D52003E38A3 /* Assets.xcassets in Resources */,
				D694ECDF2B98EABE00211F2B /* cityPort.mp4 in Resources */,
				D694ECE42B99019F00211F2B /* trafficLightPort.mp4 in Resources */,
				D694ECE82B99109C00211F2B /* softAlert.mp3 in Resources */,
			);
			runOnlyForDeploymentPostprocessing = 0;
		};
/* End PBXResourcesBuildPhase section */

/* Begin PBXSourcesBuildPhase section */
		D66EE7202B969D50003E38A3 /* Sources */ = {
			isa = PBXSourcesBuildPhase;
			buildActionMask = 2147483647;
			files = (
				D66EE7392B971BC7003E38A3 /* yolov5s.mlmodel in Sources */,
				D694ECF92BA0CE5B00211F2B /* ObjectTracker.swift in Sources */,
				D694ECF72BA0CAE500211F2B /* ObjectTrackingModel.swift in Sources */,
				D6F435222BC5C93B0038938F /* DepthEstimationVC.swift in Sources */,
				D66EE73B2B979286003E38A3 /* Alerts.swift in Sources */,
				D694ECFC2BA1012D00211F2B /* DetectionHandler.swift in Sources */,
				D6F435262BC698C00038938F /* DepthEstimationVideoPlayer.swift in Sources */,
				D694ECF02B99EA5200211F2B /* ObjectDetectionVC.swift in Sources */,
				D694ECEA2B99D8DA00211F2B /* DepthEstimationModel.swift in Sources */,
				D6F435242BC5D22D0038938F /* VideoPlayerService.swift in Sources */,
				D6F4351C2BC5914F0038938F /* ObjectDetectionView.swift in Sources */,
				D684DC632BA9D00B00018186 /* DepthEstimationHandler.swift in Sources */,
				D694ED002BA1DA0500211F2B /* VideoContainerView.swift in Sources */,
				D694ED032BA2891600211F2B /* AppDelegate.swift in Sources */,
				D66EE72A2B969D50003E38A3 /* ContentView.swift in Sources */,
				D694ECFE2BA1D7C800211F2B /* CommonTypes.swift in Sources */,
				D6F4351E2BC5918A0038938F /* DepthEstimationView.swift in Sources */,
				D694ECEE2B99EA1600211F2B /* ObjectDetectionVideoPlayer.swift in Sources */,
				D66EE7282B969D50003E38A3 /* SafeDriveApp.swift in Sources */,
				D694ECF22B99ED2900211F2B /* AlertsView.swift in Sources */,
				D694ECF52BA0C91800211F2B /* ReasoningModel.swift in Sources */,
				D6F435202BC59EA40038938F /* FCRNFP16.mlmodel in Sources */,
				D66EE7402B979C85003E38A3 /* Detector.swift in Sources */,
			);
			runOnlyForDeploymentPostprocessing = 0;
		};
/* End PBXSourcesBuildPhase section */

/* Begin XCBuildConfiguration section */
		D66EE7302B969D52003E38A3 /* Debug */ = {
			isa = XCBuildConfiguration;
			buildSettings = {
				ALWAYS_SEARCH_USER_PATHS = NO;
				ASSETCATALOG_COMPILER_GENERATE_SWIFT_ASSET_SYMBOL_EXTENSIONS = YES;
				CLANG_ANALYZER_NONNULL = YES;
				CLANG_ANALYZER_NUMBER_OBJECT_CONVERSION = YES_AGGRESSIVE;
				CLANG_CXX_LANGUAGE_STANDARD = "gnu++20";
				CLANG_ENABLE_MODULES = YES;
				CLANG_ENABLE_OBJC_ARC = YES;
				CLANG_ENABLE_OBJC_WEAK = YES;
				CLANG_WARN_BLOCK_CAPTURE_AUTORELEASING = YES;
				CLANG_WARN_BOOL_CONVERSION = YES;
				CLANG_WARN_COMMA = YES;
				CLANG_WARN_CONSTANT_CONVERSION = YES;
				CLANG_WARN_DEPRECATED_OBJC_IMPLEMENTATIONS = YES;
				CLANG_WARN_DIRECT_OBJC_ISA_USAGE = YES_ERROR;
				CLANG_WARN_DOCUMENTATION_COMMENTS = YES;
				CLANG_WARN_EMPTY_BODY = YES;
				CLANG_WARN_ENUM_CONVERSION = YES;
				CLANG_WARN_INFINITE_RECURSION = YES;
				CLANG_WARN_INT_CONVERSION = YES;
				CLANG_WARN_NON_LITERAL_NULL_CONVERSION = YES;
				CLANG_WARN_OBJC_IMPLICIT_RETAIN_SELF = YES;
				CLANG_WARN_OBJC_LITERAL_CONVERSION = YES;
				CLANG_WARN_OBJC_ROOT_CLASS = YES_ERROR;
				CLANG_WARN_QUOTED_INCLUDE_IN_FRAMEWORK_HEADER = YES;
				CLANG_WARN_RANGE_LOOP_ANALYSIS = YES;
				CLANG_WARN_STRICT_PROTOTYPES = YES;
				CLANG_WARN_SUSPICIOUS_MOVE = YES;
				CLANG_WARN_UNGUARDED_AVAILABILITY = YES_AGGRESSIVE;
				CLANG_WARN_UNREACHABLE_CODE = YES;
				CLANG_WARN__DUPLICATE_METHOD_MATCH = YES;
				COPY_PHASE_STRIP = NO;
				DEBUG_INFORMATION_FORMAT = dwarf;
				ENABLE_STRICT_OBJC_MSGSEND = YES;
				ENABLE_TESTABILITY = YES;
				ENABLE_USER_SCRIPT_SANDBOXING = YES;
				GCC_C_LANGUAGE_STANDARD = gnu17;
				GCC_DYNAMIC_NO_PIC = NO;
				GCC_NO_COMMON_BLOCKS = YES;
				GCC_OPTIMIZATION_LEVEL = 0;
				GCC_PREPROCESSOR_DEFINITIONS = (
					"DEBUG=1",
					"$(inherited)",
				);
				GCC_WARN_64_TO_32_BIT_CONVERSION = YES;
				GCC_WARN_ABOUT_RETURN_TYPE = YES_ERROR;
				GCC_WARN_UNDECLARED_SELECTOR = YES;
				GCC_WARN_UNINITIALIZED_AUTOS = YES_AGGRESSIVE;
				GCC_WARN_UNUSED_FUNCTION = YES;
				GCC_WARN_UNUSED_VARIABLE = YES;
				IPHONEOS_DEPLOYMENT_TARGET = 17.2;
				LOCALIZATION_PREFERS_STRING_CATALOGS = YES;
				MTL_ENABLE_DEBUG_INFO = INCLUDE_SOURCE;
				MTL_FAST_MATH = YES;
				ONLY_ACTIVE_ARCH = YES;
				SDKROOT = iphoneos;
				SWIFT_ACTIVE_COMPILATION_CONDITIONS = "DEBUG $(inherited)";
				SWIFT_OPTIMIZATION_LEVEL = "-Onone";
			};
			name = Debug;
		};
		D66EE7312B969D52003E38A3 /* Release */ = {
			isa = XCBuildConfiguration;
			buildSettings = {
				ALWAYS_SEARCH_USER_PATHS = NO;
				ASSETCATALOG_COMPILER_GENERATE_SWIFT_ASSET_SYMBOL_EXTENSIONS = YES;
				CLANG_ANALYZER_NONNULL = YES;
				CLANG_ANALYZER_NUMBER_OBJECT_CONVERSION = YES_AGGRESSIVE;
				CLANG_CXX_LANGUAGE_STANDARD = "gnu++20";
				CLANG_ENABLE_MODULES = YES;
				CLANG_ENABLE_OBJC_ARC = YES;
				CLANG_ENABLE_OBJC_WEAK = YES;
				CLANG_WARN_BLOCK_CAPTURE_AUTORELEASING = YES;
				CLANG_WARN_BOOL_CONVERSION = YES;
				CLANG_WARN_COMMA = YES;
				CLANG_WARN_CONSTANT_CONVERSION = YES;
				CLANG_WARN_DEPRECATED_OBJC_IMPLEMENTATIONS = YES;
				CLANG_WARN_DIRECT_OBJC_ISA_USAGE = YES_ERROR;
				CLANG_WARN_DOCUMENTATION_COMMENTS = YES;
				CLANG_WARN_EMPTY_BODY = YES;
				CLANG_WARN_ENUM_CONVERSION = YES;
				CLANG_WARN_INFINITE_RECURSION = YES;
				CLANG_WARN_INT_CONVERSION = YES;
				CLANG_WARN_NON_LITERAL_NULL_CONVERSION = YES;
				CLANG_WARN_OBJC_IMPLICIT_RETAIN_SELF = YES;
				CLANG_WARN_OBJC_LITERAL_CONVERSION = YES;
				CLANG_WARN_OBJC_ROOT_CLASS = YES_ERROR;
				CLANG_WARN_QUOTED_INCLUDE_IN_FRAMEWORK_HEADER = YES;
				CLANG_WARN_RANGE_LOOP_ANALYSIS = YES;
				CLANG_WARN_STRICT_PROTOTYPES = YES;
				CLANG_WARN_SUSPICIOUS_MOVE = YES;
				CLANG_WARN_UNGUARDED_AVAILABILITY = YES_AGGRESSIVE;
				CLANG_WARN_UNREACHABLE_CODE = YES;
				CLANG_WARN__DUPLICATE_METHOD_MATCH = YES;
				COPY_PHASE_STRIP = NO;
				DEBUG_INFORMATION_FORMAT = "dwarf-with-dsym";
				ENABLE_NS_ASSERTIONS = NO;
				ENABLE_STRICT_OBJC_MSGSEND = YES;
				ENABLE_USER_SCRIPT_SANDBOXING = YES;
				GCC_C_LANGUAGE_STANDARD = gnu17;
				GCC_NO_COMMON_BLOCKS = YES;
				GCC_WARN_64_TO_32_BIT_CONVERSION = YES;
				GCC_WARN_ABOUT_RETURN_TYPE = YES_ERROR;
				GCC_WARN_UNDECLARED_SELECTOR = YES;
				GCC_WARN_UNINITIALIZED_AUTOS = YES_AGGRESSIVE;
				GCC_WARN_UNUSED_FUNCTION = YES;
				GCC_WARN_UNUSED_VARIABLE = YES;
				IPHONEOS_DEPLOYMENT_TARGET = 17.2;
				LOCALIZATION_PREFERS_STRING_CATALOGS = YES;
				MTL_ENABLE_DEBUG_INFO = NO;
				MTL_FAST_MATH = YES;
				SDKROOT = iphoneos;
				SWIFT_COMPILATION_MODE = wholemodule;
				VALIDATE_PRODUCT = YES;
			};
			name = Release;
		};
		D66EE7332B969D52003E38A3 /* Debug */ = {
			isa = XCBuildConfiguration;
			buildSettings = {
				ASSETCATALOG_COMPILER_APPICON_NAME = AppIcon;
				ASSETCATALOG_COMPILER_GLOBAL_ACCENT_COLOR_NAME = AccentColor;
				CODE_SIGN_ENTITLEMENTS = SafeDrive/SafeDrive.entitlements;
				CODE_SIGN_STYLE = Automatic;
				CURRENT_PROJECT_VERSION = 1;
				DEVELOPMENT_ASSET_PATHS = "\"SafeDrive/Preview Content\"";
				DEVELOPMENT_TEAM = 5M6RD9L4AH;
				ENABLE_PREVIEWS = YES;
				GENERATE_INFOPLIST_FILE = YES;
				INFOPLIST_FILE = SafeDrive/Info.plist;
				INFOPLIST_KEY_CFBundleDisplayName = "Safe Drive";
				INFOPLIST_KEY_LSApplicationCategoryType = "public.app-category.utilities";
				INFOPLIST_KEY_UIApplicationSceneManifest_Generation = YES;
				INFOPLIST_KEY_UIApplicationSupportsIndirectInputEvents = YES;
				INFOPLIST_KEY_UILaunchScreen_Generation = YES;
				INFOPLIST_KEY_UISupportedInterfaceOrientations_iPad = "UIInterfaceOrientationPortrait UIInterfaceOrientationPortraitUpsideDown UIInterfaceOrientationLandscapeLeft UIInterfaceOrientationLandscapeRight";
				INFOPLIST_KEY_UISupportedInterfaceOrientations_iPhone = "UIInterfaceOrientationPortrait UIInterfaceOrientationLandscapeLeft UIInterfaceOrientationLandscapeRight";
				IPHONEOS_DEPLOYMENT_TARGET = 16.4;
				LD_RUNPATH_SEARCH_PATHS = (
					"$(inherited)",
					"@executable_path/Frameworks",
				);
				MARKETING_VERSION = 1.0;
				PRODUCT_BUNDLE_IDENTIFIER = "SafeDrive-com.SafeDrive";
				PRODUCT_NAME = "$(TARGET_NAME)";
				SWIFT_EMIT_LOC_STRINGS = YES;
				SWIFT_VERSION = 5.0;
				TARGETED_DEVICE_FAMILY = "1,2";
			};
			name = Debug;
		};
		D66EE7342B969D52003E38A3 /* Release */ = {
			isa = XCBuildConfiguration;
			buildSettings = {
				ASSETCATALOG_COMPILER_APPICON_NAME = AppIcon;
				ASSETCATALOG_COMPILER_GLOBAL_ACCENT_COLOR_NAME = AccentColor;
				CODE_SIGN_ENTITLEMENTS = SafeDrive/SafeDrive.entitlements;
				CODE_SIGN_STYLE = Automatic;
				CURRENT_PROJECT_VERSION = 1;
				DEVELOPMENT_ASSET_PATHS = "\"SafeDrive/Preview Content\"";
				DEVELOPMENT_TEAM = 5M6RD9L4AH;
				ENABLE_PREVIEWS = YES;
				GENERATE_INFOPLIST_FILE = YES;
				INFOPLIST_FILE = SafeDrive/Info.plist;
				INFOPLIST_KEY_CFBundleDisplayName = "Safe Drive";
				INFOPLIST_KEY_LSApplicationCategoryType = "public.app-category.utilities";
				INFOPLIST_KEY_UIApplicationSceneManifest_Generation = YES;
				INFOPLIST_KEY_UIApplicationSupportsIndirectInputEvents = YES;
				INFOPLIST_KEY_UILaunchScreen_Generation = YES;
				INFOPLIST_KEY_UISupportedInterfaceOrientations_iPad = "UIInterfaceOrientationPortrait UIInterfaceOrientationPortraitUpsideDown UIInterfaceOrientationLandscapeLeft UIInterfaceOrientationLandscapeRight";
				INFOPLIST_KEY_UISupportedInterfaceOrientations_iPhone = "UIInterfaceOrientationPortrait UIInterfaceOrientationLandscapeLeft UIInterfaceOrientationLandscapeRight";
				IPHONEOS_DEPLOYMENT_TARGET = 16.4;
				LD_RUNPATH_SEARCH_PATHS = (
					"$(inherited)",
					"@executable_path/Frameworks",
				);
				MARKETING_VERSION = 1.0;
				PRODUCT_BUNDLE_IDENTIFIER = "SafeDrive-com.SafeDrive";
				PRODUCT_NAME = "$(TARGET_NAME)";
				SWIFT_EMIT_LOC_STRINGS = YES;
				SWIFT_VERSION = 5.0;
				TARGETED_DEVICE_FAMILY = "1,2";
			};
			name = Release;
		};
/* End XCBuildConfiguration section */

/* Begin XCConfigurationList section */
		D66EE71F2B969D50003E38A3 /* Build configuration list for PBXProject "SafeDrive" */ = {
			isa = XCConfigurationList;
			buildConfigurations = (
				D66EE7302B969D52003E38A3 /* Debug */,
				D66EE7312B969D52003E38A3 /* Release */,
			);
			defaultConfigurationIsVisible = 0;
			defaultConfigurationName = Release;
		};
		D66EE7322B969D52003E38A3 /* Build configuration list for PBXNativeTarget "SafeDrive" */ = {
			isa = XCConfigurationList;
			buildConfigurations = (
				D66EE7332B969D52003E38A3 /* Debug */,
				D66EE7342B969D52003E38A3 /* Release */,
			);
			defaultConfigurationIsVisible = 0;
			defaultConfigurationName = Release;
		};
/* End XCConfigurationList section */
	};
	rootObject = D66EE71C2B969D50003E38A3 /* Project object */;
}
